
Microsoft Visual Studio Solution File, Format Version 12.00
# Visual Studio 15
VisualStudioVersion = 15.0.28010.2036
MinimumVisualStudioVersion = 10.0.40219.1
Project("{FAE04EC0-301F-11D3-BF4B-00C04F79EFBC}") = "Tsubaki.ModuleBlocks", "src\Tsubaki.ModuleBlocks\Tsubaki.ModuleBlocks.csproj", "{0A3261C4-9BE9-4CB9-99F9-944D89A96C1D}"
EndProject
Project("{FAE04EC0-301F-11D3-BF4B-00C04F79EFBC}") = "Tsubaki.UnitTest", "test\Tsubaki.UnitTest\Tsubaki.UnitTest.csproj", "{2554F329-D391-4C35-A87E-21E235E6505E}"
EndProject
Project("{FAE04EC0-301F-11D3-BF4B-00C04F79EFBC}") = "Tsubaki.ConsoleDebugger", "test\Tsubaki.ConsoleDebugger\Tsubaki.ConsoleDebugger.csproj", "{81EE97AA-4014-4F38-BA68-CCA9182BB903}"
EndProject
Project("{FAE04EC0-301F-11D3-BF4B-00C04F79EFBC}") = "Tsubaki.Core", "src\Tsubaki.Core\Tsubaki.Core.csproj", "{FB1DDD0D-437F-4C09-A770-B3037B1EBEF6}"
EndProject
Project("{FAE04EC0-301F-11D3-BF4B-00C04F79EFBC}") = "Tsubaki.ModuleBlocks.Management", "src\Tsubaki.ModuleBlocks.Management\Tsubaki.ModuleBlocks.Management.csproj", "{BE8FCD60-8A28-4C1D-B20D-CD075C1E2F06}"
EndProject
Global
	GlobalSection(SolutionConfigurationPlatforms) = preSolution
		Debug|Any CPU = Debug|Any CPU
		Release|Any CPU = Release|Any CPU
	EndGlobalSection
	GlobalSection(ProjectConfigurationPlatforms) = postSolution
		{0A3261C4-9BE9-4CB9-99F9-944D89A96C1D}.Debug|Any CPU.ActiveCfg = Debug|Any CPU
		{0A3261C4-9BE9-4CB9-99F9-944D89A96C1D}.Debug|Any CPU.Build.0 = Debug|Any CPU
		{0A3261C4-9BE9-4CB9-99F9-944D89A96C1D}.Release|Any CPU.ActiveCfg = Release|Any CPU
		{0A3261C4-9BE9-4CB9-99F9-944D89A96C1D}.Release|Any CPU.Build.0 = Release|Any CPU
		{2554F329-D391-4C35-A87E-21E235E6505E}.Debug|Any CPU.ActiveCfg = Debug|Any CPU
		{2554F329-D391-4C35-A87E-21E235E6505E}.Debug|Any CPU.Build.0 = Debug|Any CPU
		{2554F329-D391-4C35-A87E-21E235E6505E}.Release|Any CPU.ActiveCfg = Release|Any CPU
		{2554F329-D391-4C35-A87E-21E235E6505E}.Release|Any CPU.Build.0 = Release|Any CPU
		{81EE97AA-4014-4F38-BA68-CCA9182BB903}.Debug|Any CPU.ActiveCfg = Debug|Any CPU
		{81EE97AA-4014-4F38-BA68-CCA9182BB903}.Debug|Any CPU.Build.0 = Debug|Any CPU
		{81EE97AA-4014-4F38-BA68-CCA9182BB903}.Release|Any CPU.ActiveCfg = Release|Any CPU
		{81EE97AA-4014-4F38-BA68-CCA9182BB903}.Release|Any CPU.Build.0 = Release|Any CPU
		{FB1DDD0D-437F-4C09-A770-B3037B1EBEF6}.Debug|Any CPU.ActiveCfg = Debug|Any CPU
		{FB1DDD0D-437F-4C09-A770-B3037B1EBEF6}.Debug|Any CPU.Build.0 = Debug|Any CPU
		{FB1DDD0D-437F-4C09-A770-B3037B1EBEF6}.Release|Any CPU.ActiveCfg = Release|Any CPU
		{FB1DDD0D-437F-4C09-A770-B3037B1EBEF6}.Release|Any CPU.Build.0 = Release|Any CPU
		{BE8FCD60-8A28-4C1D-B20D-CD075C1E2F06}.Debug|Any CPU.ActiveCfg = Debug|Any CPU
		{BE8FCD60-8A28-4C1D-B20D-CD075C1E2F06}.Debug|Any CPU.Build.0 = Debug|Any CPU
		{BE8FCD60-8A28-4C1D-B20D-CD075C1E2F06}.Release|Any CPU.ActiveCfg = Release|Any CPU
		{BE8FCD60-8A28-4C1D-B20D-CD075C1E2F06}.Release|Any CPU.Build.0 = Release|Any CPU
	EndGlobalSection
	GlobalSection(SolutionProperties) = preSolution
		HideSolutionNode = FALSE
	EndGlobalSection
	GlobalSection(ExtensibilityGlobals) = postSolution
		SolutionGuid = {5A30C04B-8AC3-46AF-8620-7B14309259C6}
	EndGlobalSection
EndGlobal
